<?xml version="1.0" encoding="utf-8"?>
<Project ToolsVersion="4.0" xmlns="http://schemas.microsoft.com/developer/msbuild/2003">
  <ItemGroup>
    <Filter Include="Source Files">
      <UniqueIdentifier>{4FC737F1-C7A5-4376-A066-2A32D752A2FF}</UniqueIdentifier>
      <Extensions>cpp;c;cc;cxx;def;odl;idl;hpj;bat;asm;asmx</Extensions>
    </Filter>
    <Filter Include="Header Files">
      <UniqueIdentifier>{93995380-89BD-4b04-88EB-625FBE52EBFB}</UniqueIdentifier>
      <Extensions>h;hh;hpp;hxx;hm;inl;inc;xsd</Extensions>
    </Filter>
    <Filter Include="Resource Files">
      <UniqueIdentifier>{67DA6AB6-F800-4c08-8B7A-83BB121AAD01}</UniqueIdentifier>
      <Extensions>rc;ico;cur;bmp;dlg;rc2;rct;bin;rgs;gif;jpg;jpeg;jpe;resx;tiff;tif;png;wav;mfcribbon-ms</Extensions>
    </Filter>
    <Filter Include="Source Files\req">
      <UniqueIdentifier>{f093febd-0fbe-471e-9e04-e4a6677c4df8}</UniqueIdentifier>
    </Filter>
  </ItemGroup>
  <ItemGroup>
    <ClCompile Include="..\..\..\..\Fall %2716\303\Project2\Project2\Main.cpp">
      <Filter>Source Files</Filter>
    </ClCompile>
    <ClCompile Include="..\..\..\..\Fall %2716\303\Project2\Project2\Requests.cpp">
      <Filter>Source Files\req</Filter>
    </ClCompile>
    <ClCompile Include="..\..\..\..\Fall %2716\303\Project2\Project2\InternalRequests.cpp">
      <Filter>Source Files\req</Filter>
    </ClCompile>
    <ClCompile Include="..\..\..\..\Fall %2716\303\Project2\Project2\ExternalRequests.cpp">
      <Filter>Source Files\req</Filter>
    </ClCompile>
    <ClCompile Include="..\..\..\..\Fall %2716\303\Project2\Project2\User.cpp">
      <Filter>Source Files</Filter>
    </ClCompile>
  </ItemGroup>
  <ItemGroup>
    <ClInclude Include="..\..\..\..\Fall %2716\303\Project2\Project2\ExternalRequests.h">
      <Filter>Header Files</Filter>
    </ClInclude>
    <ClInclude Include="..\..\..\..\Fall %2716\303\Project2\Project2\InternalRequests.h">
      <Filter>Header Files</Filter>
    </ClInclude>
    <ClInclude Include="..\..\..\..\Fall %2716\303\Project2\Project2\Requests.h">
      <Filter>Header Files</Filter>
    </ClInclude>
    <ClInclude Include="..\..\..\..\Fall %2716\303\Project2\Project2\User.h">
      <Filter>Header Files</Filter>
    </ClInclude>
  </ItemGroup>
</Project>